# THIS IS AN AUTOGENERATED FILE. DO NOT EDIT THIS FILE DIRECTLY.
# yarn lockfile v1


"@discordjs/builders@^0.4.0":
  version "0.4.0"
  resolved "https://registry.yarnpkg.com/@discordjs/builders/-/builders-0.4.0.tgz#bb41573ce4824aa9194a53b52c29c5219b610010"
  integrity sha512-EiwLltKph6TSaPJIzJYdzNc1PnA2ZNaaE0t0ODg3ghnpVHqfgd0YX9/srsleYHW2cw1sfIq+kbM+h0etf7GWLA==
  dependencies:
    "@sindresorhus/is" "^4.0.1"
    discord-api-types "^0.22.0"
    ow "^0.27.0"
    ts-mixer "^6.0.0"
    tslib "^2.3.0"

"@discordjs/collection@^0.2.1":
  version "0.2.1"
  resolved "https://registry.yarnpkg.com/@discordjs/collection/-/collection-0.2.1.tgz#ea4bc7b41b7b7b6daa82e439141222ec95c469b2"
  integrity sha512-vhxqzzM8gkomw0TYRF3tgx7SwElzUlXT/Aa41O7mOcyN6wIJfj5JmDWaO5XGKsGSsNx7F3i5oIlrucCCWV1Nog==

"@discordjs/form-data@^3.0.1":
  version "3.0.1"
  resolved "https://registry.yarnpkg.com/@discordjs/form-data/-/form-data-3.0.1.tgz#5c9e6be992e2e57d0dfa0e39979a850225fb4697"
  integrity sha512-ZfFsbgEXW71Rw/6EtBdrP5VxBJy4dthyC0tpQKGKmYFImlmmrykO14Za+BiIVduwjte0jXEBlhSKf0MWbFp9Eg==
  dependencies:
    asynckit "^0.4.0"
    combined-stream "^1.0.8"
    mime-types "^2.1.12"

"@sapphire/async-queue@^1.1.4":
  version "1.1.4"
  resolved "https://registry.yarnpkg.com/@sapphire/async-queue/-/async-queue-1.1.4.tgz#ae431310917a8880961cebe8e59df6ffa40f2957"
  integrity sha512-fFrlF/uWpGOX5djw5Mu2Hnnrunao75WGey0sP0J3jnhmrJ5TAPzHYOmytD5iN/+pMxS+f+u/gezqHa9tPhRHEA==

"@sindresorhus/is@^4.0.1":
  version "4.0.1"
  resolved "https://registry.yarnpkg.com/@sindresorhus/is/-/is-4.0.1.tgz#d26729db850fa327b7cacc5522252194404226f5"
  integrity sha512-Qm9hBEBu18wt1PO2flE7LPb30BHMQt1eQgbV76YntdNk73XZGpn3izvGTYxbGgzXKgbCjiia0uxTd3aTNQrY/g==

"@types/node@*":
  version "16.4.9"
  resolved "https://registry.yarnpkg.com/@types/node/-/node-16.4.9.tgz#04eb3da65d08ea377f5e682bf0d22dc1f5e7f19e"
  integrity sha512-HXhRf581nCItzn8yevv4LYt+bJ5cBbDBAJExbDPMeU/2n5/j0ZemGpayahFBP4xL7RseaCLASLD9i9AYyDe7Nw==

"@types/ws@^7.4.7":
  version "7.4.7"
  resolved "https://registry.yarnpkg.com/@types/ws/-/ws-7.4.7.tgz#f7c390a36f7a0679aa69de2d501319f4f8d9b702"
  integrity sha512-JQbbmxZTZehdc2iszGKs5oC3NFnjeay7mtAWrdt7qNtAVK0g19muApzAy4bm9byz79xa2ZnO/BOBC2R8RC5Lww==
  dependencies:
    "@types/node" "*"

asynckit@^0.4.0:
  version "0.4.0"
  resolved "https://registry.yarnpkg.com/asynckit/-/asynckit-0.4.0.tgz#c79ed97f7f34cb8f2ba1bc9790bcc366474b4b79"
  integrity sha1-x57Zf380y48robyXkLzDZkdLS3k=

callsites@^3.1.0:
  version "3.1.0"
  resolved "https://registry.yarnpkg.com/callsites/-/callsites-3.1.0.tgz#b3630abd8943432f54b3f0519238e33cd7df2f73"
  integrity sha512-P8BjAsXvZS+VIDUI11hHCQEv74YT67YUi5JJFNWIqL235sBmjX4+qx9Muvls5ivyNENctx46xQLQ3aTuE7ssaQ==

combined-stream@^1.0.8:
  version "1.0.8"
  resolved "https://registry.yarnpkg.com/combined-stream/-/combined-stream-1.0.8.tgz#c3d45a8b34fd730631a110a8a2520682b31d5a7f"
  integrity sha512-FQN4MRfuJeHf7cBbBMJFXhKSDq+2kAArBlmRBvcvFE5BB1HZKXtSFASDhdlz9zOYwxh8lDdnvmMOe/+5cdoEdg==
  dependencies:
    delayed-stream "~1.0.0"

delayed-stream@~1.0.0:
  version "1.0.0"
  resolved "https://registry.yarnpkg.com/delayed-stream/-/delayed-stream-1.0.0.tgz#df3ae199acadfb7d440aaae0b29e2272b24ec619"
  integrity sha1-3zrhmayt+31ECqrgsp4icrJOxhk=

discord-api-types@^0.22.0:
  version "0.22.0"
  resolved "https://registry.yarnpkg.com/discord-api-types/-/discord-api-types-0.22.0.tgz#34dc57fe8e016e5eaac5e393646cd42a7e1ccc2a"
  integrity sha512-l8yD/2zRbZItUQpy7ZxBJwaLX/Bs2TGaCthRppk8Sw24LOIWg12t9JEreezPoYD0SQcC2htNNo27kYEpYW/Srg==

discord.js@^13.0.0:
  version "13.0.0"
  resolved "https://registry.yarnpkg.com/discord.js/-/discord.js-13.0.0.tgz#fd1dde0e73f5dbcd0bf8edad68d3ef83fb2e36b7"
  integrity sha512-QbGcxBFUuB6tIJ/xn6R86QeSolS0KGa9nsWcKegtaNWAggajVILA+eneZIZba38jqYes+FB4RHhg/kX3dm4v+Q==
  dependencies:
    "@discordjs/builders" "^0.4.0"
    "@discordjs/collection" "^0.2.1"
    "@discordjs/form-data" "^3.0.1"
    "@sapphire/async-queue" "^1.1.4"
    "@types/ws" "^7.4.7"
    discord-api-types "^0.22.0"
    node-fetch "^2.6.1"
    ws "^7.5.1"

dot-prop@^6.0.1:
  version "6.0.1"
  resolved "https://registry.yarnpkg.com/dot-prop/-/dot-prop-6.0.1.tgz#fc26b3cf142b9e59b74dbd39ed66ce620c681083"
  integrity sha512-tE7ztYzXHIeyvc7N+hR3oi7FIbf/NIjVP9hmAt3yMXzrQ072/fpjGLx2GxNxGxUl5V73MEqYzioOMoVhGMJ5cA==
  dependencies:
    is-obj "^2.0.0"

is-obj@^2.0.0:
  version "2.0.0"
  resolved "https://registry.yarnpkg.com/is-obj/-/is-obj-2.0.0.tgz#473fb05d973705e3fd9620545018ca8e22ef4982"
  integrity sha512-drqDG3cbczxxEJRoOXcOjtdp1J/lyp1mNn0xaznRs8+muBhgQcrnbspox5X5fOw0HnMnbfDzvnEMEtqDEJEo8w==

lodash.isequal@^4.5.0:
  version "4.5.0"
  resolved "https://registry.yarnpkg.com/lodash.isequal/-/lodash.isequal-4.5.0.tgz#415c4478f2bcc30120c22ce10ed3226f7d3e18e0"
  integrity sha1-QVxEePK8wwEgwizhDtMib30+GOA=

mime-db@1.49.0:
  version "1.49.0"
  resolved "https://registry.yarnpkg.com/mime-db/-/mime-db-1.49.0.tgz#f3dfde60c99e9cf3bc9701d687778f537001cbed"
  integrity sha512-CIc8j9URtOVApSFCQIF+VBkX1RwXp/oMMOrqdyXSBXq5RWNEsRfyj1kiRnQgmNXmHxPoFIxOroKA3zcU9P+nAA==

mime-types@^2.1.12:
  version "2.1.32"
  resolved "https://registry.yarnpkg.com/mime-types/-/mime-types-2.1.32.tgz#1d00e89e7de7fe02008db61001d9e02852670fd5"
  integrity sha512-hJGaVS4G4c9TSMYh2n6SQAGrC4RnfU+daP8G7cSCmaqNjiOoUY0VHCMS42pxnQmVF1GWwFhbHWn3RIxCqTmZ9A==
  dependencies:
    mime-db "1.49.0"

node-fetch@^2.6.1:
  version "2.6.1"
  resolved "https://registry.yarnpkg.com/node-fetch/-/node-fetch-2.6.1.tgz#045bd323631f76ed2e2b55573394416b639a0052"
  integrity sha512-V4aYg89jEoVRxRb2fJdAg8FHvI7cEyYdVAh94HH0UIK8oJxUfkjlDQN9RbMx+bEjP7+ggMiFRprSti032Oipxw==

ow@^0.27.0:
  version "0.27.0"
  resolved "https://registry.yarnpkg.com/ow/-/ow-0.27.0.tgz#d44da088e8184fa11de64b5813206f9f86ab68d0"
  integrity sha512-SGnrGUbhn4VaUGdU0EJLMwZWSupPmF46hnTRII7aCLCrqixTAC5eKo8kI4/XXf1eaaI8YEVT+3FeGNJI9himAQ==
  dependencies:
    "@sindresorhus/is" "^4.0.1"
    callsites "^3.1.0"
    dot-prop "^6.0.1"
    lodash.isequal "^4.5.0"
    type-fest "^1.2.1"
    vali-date "^1.0.0"

ts-mixer@^6.0.0:
  version "6.0.0"
  resolved "https://registry.yarnpkg.com/ts-mixer/-/ts-mixer-6.0.0.tgz#4e631d3a36e3fa9521b973b132e8353bc7267f9f"
  integrity sha512-nXIb1fvdY5CBSrDIblLn73NW0qRDk5yJ0Sk1qPBF560OdJfQp9jhl+0tzcY09OZ9U+6GpeoI9RjwoIKFIoB9MQ==

tslib@^2.3.0:
  version "2.3.0"
  resolved "https://registry.yarnpkg.com/tslib/-/tslib-2.3.0.tgz#803b8cdab3e12ba581a4ca41c8839bbb0dacb09e"
  integrity sha512-N82ooyxVNm6h1riLCoyS9e3fuJ3AMG2zIZs2Gd1ATcSFjSA23Q0fzjjZeh0jbJvWVDZ0cJT8yaNNaaXHzueNjg==

type-fest@^1.2.1:
  version "1.3.0"
  resolved "https://registry.yarnpkg.com/type-fest/-/type-fest-1.3.0.tgz#6be848243853df1173fa95530112e1358ab0810b"
  integrity sha512-mYUYkAy6fPatVWtUeCV/qGeGL3IVucmdJOzeAEfwgCJDx8gP0JaW8jn6KQ5xDfPec31e0KXWn5EUOZMhquR1zA==

vali-date@^1.0.0:
  version "1.0.0"
  resolved "https://registry.yarnpkg.com/vali-date/-/vali-date-1.0.0.tgz#1b904a59609fb328ef078138420934f6b86709a6"
  integrity sha1-G5BKWWCfsyjvB4E4Qgk09rhnCaY=

ws@^7.5.1:
  version "7.5.3"
  resolved "https://registry.yarnpkg.com/ws/-/ws-7.5.3.tgz#160835b63c7d97bfab418fc1b8a9fced2ac01a74"
  integrity sha512-kQ/dHIzuLrS6Je9+uv81ueZomEwH0qVYstcAQ4/Z93K8zeko9gtAbttJWzoC5ukqXY1PpoouV3+VSOqEAFt5wg==
